lockfileVersion: '9.0'

settings:
  autoInstallPeers: true
  excludeLinksFromLockfile: false

importers:

  .:
    dependencies:
      wavespeed:
        specifier: ^0.3.2
        version: 0.3.2

packages:

  wavespeed@0.3.2:
    resolution: {integrity: sha512-BEwWsHHLclrBT9eHhSTptTg9qRGMdJHZOBL1Ckz6JHtVerQknOHyDeckozssBUeSCaqVqOwgZITXkoNi90VHEg==}

snapshots:

  wavespeed@0.3.2: {}
